
Microsoft Visual Studio Solution File, Format Version 12.00
# Visual Studio Version 17
VisualStudioVersion = 17.14.36221.1 d17.14
MinimumVisualStudioVersion = 10.0.40219.1
Project("{FAE04EC0-301F-11D3-BF4B-00C04F79EFBC}") = "StaticMvc", "StaticMvc\StaticMvc.csproj", "{F23C9B52-B0B7-48CD-AF4A-2F4C53839357}"
EndProject
Global
	GlobalSection(SolutionConfigurationPlatforms) = preSolution
		Debug|Any CPU = Debug|Any CPU
		Release|Any CPU = Release|Any CPU
	EndGlobalSection
	GlobalSection(ProjectConfigurationPlatforms) = postSolution
		{F23C9B52-B0B7-48CD-AF4A-2F4C53839357}.Debug|Any CPU.ActiveCfg = Debug|Any CPU
		{F23C9B52-B0B7-48CD-AF4A-2F4C53839357}.Debug|Any CPU.Build.0 = Debug|Any CPU
		{F23C9B52-B0B7-48CD-AF4A-2F4C53839357}.Release|Any CPU.ActiveCfg = Release|Any CPU
		{F23C9B52-B0B7-48CD-AF4A-2F4C53839357}.Release|Any CPU.Build.0 = Release|Any CPU
	EndGlobalSection
	GlobalSection(SolutionProperties) = preSolution
		HideSolutionNode = FALSE
	EndGlobalSection
	GlobalSection(ExtensibilityGlobals) = postSolution
		SolutionGuid = {3F9850E3-8F5D-4F78-B5E1-76E5D87559B9}
	EndGlobalSection
EndGlobal
